{
  "name": "pdfjs",
  "lockfileVersion": 3,
  "requires": true,
  "packages": {
    "": {
      "dependencies": {
        "smooth-signature": "^1.0.13"
      }
    },
    "node_modules/smooth-signature": {
      "version": "1.0.13",
      "resolved": "https://registry.npmjs.org/smooth-signature/-/smooth-signature-1.0.13.tgz",
      "integrity": "sha512-0yO55E1D92OjLulr5q60+aIugykWO9HQNkt1oSAd4JICpITWOXRqRsPEMXSeDsTAkTPB+f5oTu2Ni2h6QOMtQQ=="
    }
  }
}
